Microsoft Visual Studio Solution File, Format Version 12.00
# Visual Studio Version 18
VisualStudioVersion = 18.3.11520.95 d18.3
MinimumVisualStudioVersion = 10.0.40219.1
Project("{FAE04EC0-301F-11D3-BF4B-00C04F79EFBC}") = "Lumina", "Lumina\Lumina.csproj", "{09494618-52C1-7D2E-8109-68D8177AE6FF}"
EndProject
Project("{FAE04EC0-301F-11D3-BF4B-00C04F79EFBC}") = "Lumina.Tests", "Tests\Lumina.Tests.csproj", "{6F1D1DB2-E8C0-D85E-C32E-D69195D92BA9}"
EndProject
Project("{FAE04EC0-301F-11D3-BF4B-00C04F79EFBC}") = "BenchmarkSuite1", "BenchmarkSuite1\BenchmarkSuite1.csproj", "{A20861A9-411E-6150-BF5C-69E8196E5D22}"
EndProject
Project("{FAE04EC0-301F-11D3-BF4B-00C04F79EFBC}") = "BenchmarkSuite2", "BenchmarkSuite2\BenchmarkSuite2.csproj", "{FF431CE1-8DAA-F2E0-6083-541E879F0B56}"
EndProject
Global
	GlobalSection(SolutionConfigurationPlatforms) = preSolution
		Debug|Any CPU = Debug|Any CPU
		Debug|x64 = Debug|x64
		Release|Any CPU = Release|Any CPU
		Release|x64 = Release|x64
	EndGlobalSection
	GlobalSection(ProjectConfigurationPlatforms) = postSolution
		{09494618-52C1-7D2E-8109-68D8177AE6FF}.Debug|Any CPU.ActiveCfg = Debug|Any CPU
		{09494618-52C1-7D2E-8109-68D8177AE6FF}.Debug|Any CPU.Build.0 = Debug|Any CPU
		{09494618-52C1-7D2E-8109-68D8177AE6FF}.Debug|x64.ActiveCfg = Debug|x64
		{09494618-52C1-7D2E-8109-68D8177AE6FF}.Debug|x64.Build.0 = Debug|x64
		{09494618-52C1-7D2E-8109-68D8177AE6FF}.Release|Any CPU.ActiveCfg = Release|Any CPU
		{09494618-52C1-7D2E-8109-68D8177AE6FF}.Release|Any CPU.Build.0 = Release|Any CPU
		{09494618-52C1-7D2E-8109-68D8177AE6FF}.Release|x64.ActiveCfg = Release|x64
		{09494618-52C1-7D2E-8109-68D8177AE6FF}.Release|x64.Build.0 = Release|x64
		{6F1D1DB2-E8C0-D85E-C32E-D69195D92BA9}.Debug|Any CPU.ActiveCfg = Debug|Any CPU
		{6F1D1DB2-E8C0-D85E-C32E-D69195D92BA9}.Debug|Any CPU.Build.0 = Debug|Any CPU
		{6F1D1DB2-E8C0-D85E-C32E-D69195D92BA9}.Debug|x64.ActiveCfg = Debug|x64
		{6F1D1DB2-E8C0-D85E-C32E-D69195D92BA9}.Debug|x64.Build.0 = Debug|x64
		{6F1D1DB2-E8C0-D85E-C32E-D69195D92BA9}.Release|Any CPU.ActiveCfg = Release|Any CPU
		{6F1D1DB2-E8C0-D85E-C32E-D69195D92BA9}.Release|Any CPU.Build.0 = Release|Any CPU
		{6F1D1DB2-E8C0-D85E-C32E-D69195D92BA9}.Release|x64.ActiveCfg = Release|x64
		{6F1D1DB2-E8C0-D85E-C32E-D69195D92BA9}.Release|x64.Build.0 = Release|x64
		{A20861A9-411E-6150-BF5C-69E8196E5D22}.Debug|Any CPU.ActiveCfg = Debug|Any CPU
		{A20861A9-411E-6150-BF5C-69E8196E5D22}.Debug|Any CPU.Build.0 = Debug|Any CPU
		{A20861A9-411E-6150-BF5C-69E8196E5D22}.Debug|x64.ActiveCfg = Debug|Any CPU
		{A20861A9-411E-6150-BF5C-69E8196E5D22}.Debug|x64.Build.0 = Debug|Any CPU
		{A20861A9-411E-6150-BF5C-69E8196E5D22}.Release|Any CPU.ActiveCfg = Release|Any CPU
		{A20861A9-411E-6150-BF5C-69E8196E5D22}.Release|Any CPU.Build.0 = Release|Any CPU
		{A20861A9-411E-6150-BF5C-69E8196E5D22}.Release|x64.ActiveCfg = Release|Any CPU
		{A20861A9-411E-6150-BF5C-69E8196E5D22}.Release|x64.Build.0 = Release|Any CPU
		{FF431CE1-8DAA-F2E0-6083-541E879F0B56}.Debug|Any CPU.ActiveCfg = Debug|Any CPU
		{FF431CE1-8DAA-F2E0-6083-541E879F0B56}.Debug|Any CPU.Build.0 = Debug|Any CPU
		{FF431CE1-8DAA-F2E0-6083-541E879F0B56}.Debug|x64.ActiveCfg = Debug|Any CPU
		{FF431CE1-8DAA-F2E0-6083-541E879F0B56}.Debug|x64.Build.0 = Debug|Any CPU
		{FF431CE1-8DAA-F2E0-6083-541E879F0B56}.Release|Any CPU.ActiveCfg = Release|Any CPU
		{FF431CE1-8DAA-F2E0-6083-541E879F0B56}.Release|Any CPU.Build.0 = Release|Any CPU
		{FF431CE1-8DAA-F2E0-6083-541E879F0B56}.Release|x64.ActiveCfg = Release|Any CPU
		{FF431CE1-8DAA-F2E0-6083-541E879F0B56}.Release|x64.Build.0 = Release|Any CPU
	EndGlobalSection
	GlobalSection(SolutionProperties) = preSolution
		HideSolutionNode = FALSE
	EndGlobalSection
	GlobalSection(ExtensibilityGlobals) = postSolution
		SolutionGuid = {A78ABC56-2AEE-46A6-8C35-8F58FE385434}
	EndGlobalSection
EndGlobal
